{
  "nodes": {
    "comma": {
      "flake": false,
      "locked": {
        "lastModified": 1680733215,
        "narHash": "sha256-5HNH/Lqj8OU/piH3tvPRkINXHHkt6bRp0QYYR4xOybE=",
        "owner": "Shopify",
        "repo": "comma",
        "rev": "ef97634016d17cc8cdea396ebcc002320494391a",
        "type": "github"
      },
      "original": {
        "owner": "Shopify",
        "repo": "comma",
        "type": "github"
      }
    },
    "darwin": {
      "inputs": {
        "nixpkgs": [
          "nixpkgs-unstable"
        ]
      },
      "locked": {
        "lastModified": 1684774948,
        "narHash": "sha256-hJTaw4dYzcB+lsasKejnafq0CxPsVetn9RLXrcL+4jE=",
        "owner": "lnl7",
        "repo": "nix-darwin",
        "rev": "b8c286c82c6b47826a6c0377e7017052ad91353c",
        "type": "github"
      },
      "original": {
        "owner": "lnl7",
        "ref": "master",
        "repo": "nix-darwin",
        "type": "github"
      }
    },
    "home-manager": {
      "inputs": {
        "nixpkgs": [
          "nixpkgs-unstable"
        ]
      },
      "locked": {
        "lastModified": 1685189510,
        "narHash": "sha256-Hq5WF7zIixojPgvhgcd6MBvywwycVZ9wpK/8ogOyoaA=",
        "owner": "nix-community",
        "repo": "home-manager",
        "rev": "2d963854ae2499193c0c72fd67435fee34d3e4fd",
        "type": "github"
      },
      "original": {
        "owner": "nix-community",
        "repo": "home-manager",
        "type": "github"
      }
    },
    "nixpkgs": {
      "locked": {
        "lastModified": 1659446231,
        "narHash": "sha256-hekabNdTdgR/iLsgce5TGWmfIDZ86qjPhxDg/8TlzhE=",
        "owner": "nixos",
        "repo": "nixpkgs",
        "rev": "eabc38219184cc3e04a974fe31857d8e0eac098d",
        "type": "github"
      },
      "original": {
        "owner": "nixos",
        "ref": "nixpkgs-21.11-darwin",
        "repo": "nixpkgs",
        "type": "github"
      }
    },
    "nixpkgs-unstable": {
      "locked": {
        "lastModified": 1685012353,
        "narHash": "sha256-U3oOge4cHnav8OLGdRVhL45xoRj4Ppd+It6nPC9nNIU=",
        "owner": "NixOS",
        "repo": "nixpkgs",
        "rev": "aeb75dba965e790de427b73315d5addf91a54955",
        "type": "github"
      },
      "original": {
        "owner": "NixOS",
        "ref": "nixpkgs-unstable",
        "repo": "nixpkgs",
        "type": "github"
      }
    },
    "root": {
      "inputs": {
        "comma": "comma",
        "darwin": "darwin",
        "home-manager": "home-manager",
        "nixpkgs": "nixpkgs",
        "nixpkgs-unstable": "nixpkgs-unstable"
      }
    }
  },
  "root": "root",
  "version": 7
}
